{
  "nodes": {
    "nixCats": {
      "locked": {
        "lastModified": 1765766809,
        "narHash": "sha256-3Xp41+Sb1zIzASa1Uu1k1RMUoJ9CGyYb0GtvvpRPBqg=",
        "owner": "BirdeeHub",
        "repo": "nixCats-nvim",
        "rev": "fe157e3ed69ed14b55ca81f597eac282caed58a2",
        "type": "github"
      },
      "original": {
        "owner": "BirdeeHub",
        "repo": "nixCats-nvim",
        "type": "github"
      }
    },
    "nixpkgs": {
      "locked": {
        "lastModified": 1766624085,
        "narHash": "sha256-ruzNOGQR0HKynAarKRhAYwIZc79IkDqui4ovQmkZPQI=",
        "owner": "nixos",
        "repo": "nixpkgs",
        "rev": "b72f284b1be41575c3e36cd777a191c29a7adf6a",
        "type": "github"
      },
      "original": {
        "owner": "nixos",
        "ref": "nixpkgs-unstable",
        "repo": "nixpkgs",
        "type": "github"
      }
    },
    "nixpkgs_2": {
      "locked": {
        "lastModified": 1766070988,
        "narHash": "sha256-G/WVghka6c4bAzMhTwT2vjLccg/awmHkdKSd2JrycLc=",
        "owner": "nixos",
        "repo": "nixpkgs",
        "rev": "c6245e83d836d0433170a16eb185cefe0572f8b8",
        "type": "github"
      },
      "original": {
        "owner": "nixos",
        "ref": "nixos-unstable",
        "repo": "nixpkgs",
        "type": "github"
      }
    },
    "nvim-treesitter": {
      "flake": false,
      "locked": {
        "lastModified": 1766230815,
        "narHash": "sha256-+2PF6Q2uwRs/gbhKvR4jF8rYhe0HoZfwMwZCoZinp/o=",
        "owner": "nvim-treesitter",
        "repo": "nvim-treesitter",
        "rev": "8cdffc6d334731ce3703b6d870a5a34fd878208a",
        "type": "github"
      },
      "original": {
        "owner": "nvim-treesitter",
        "ref": "main",
        "repo": "nvim-treesitter",
        "type": "github"
      }
    },
    "nvim-treesitter-main": {
      "inputs": {
        "nixpkgs": "nixpkgs_2",
        "nvim-treesitter": "nvim-treesitter",
        "nvim-treesitter-textobjects": "nvim-treesitter-textobjects"
      },
      "locked": {
        "lastModified": 1766296113,
        "narHash": "sha256-s6bymukQTFg6kAsgogwbCda+Fe+Su3T9rJE0xZ8s9R0=",
        "owner": "iofq",
        "repo": "nvim-treesitter-main",
        "rev": "5ca3b0dd2d3d00fb597ba8c316eb3ca79ea17fbc",
        "type": "github"
      },
      "original": {
        "owner": "iofq",
        "repo": "nvim-treesitter-main",
        "type": "github"
      }
    },
    "nvim-treesitter-textobjects": {
      "flake": false,
      "locked": {
        "lastModified": 1766243280,
        "narHash": "sha256-hbVwqoo0WRTVKIhsG5N6IXnmOVrrQzGuE4x0rEMYro0=",
        "owner": "nvim-treesitter",
        "repo": "nvim-treesitter-textobjects",
        "rev": "e91c585ac0ee760198dabc1fad2e6227effdcd5e",
        "type": "github"
      },
      "original": {
        "owner": "nvim-treesitter",
        "ref": "main",
        "repo": "nvim-treesitter-textobjects",
        "type": "github"
      }
    },
    "root": {
      "inputs": {
        "nixCats": "nixCats",
        "nixpkgs": "nixpkgs",
        "nvim-treesitter-main": "nvim-treesitter-main"
      }
    }
  },
  "root": "root",
  "version": 7
}
